PODS:
  - DateToolsSwift (4.0.0)
  - Socket.IO-Client-Swift (15.1.0):
    - Starscream (~> 3.1)
  - Starscream (3.1.0)
  - SwiftLint (0.35.0)
  - SwiftyJSON (5.0.0)

DEPENDENCIES:
  - DateToolsSwift
  - Socket.IO-Client-Swift
  - SwiftLint
  - SwiftyJSON (from `https://github.com/SwiftyJSON/SwiftyJSON.git`)

SPEC REPOS:
  https://github.com/cocoapods/specs.git:
    - DateToolsSwift
    - Socket.IO-Client-Swift
    - Starscream
    - SwiftLint

EXTERNAL SOURCES:
  SwiftyJSON:
    :git: https://github.com/SwiftyJSON/SwiftyJSON.git

CHECKOUT OPTIONS:
  SwiftyJSON:
    :commit: bad5f2f94a71216a32c030a3586bdcfc1f7e660b
    :git: https://github.com/SwiftyJSON/SwiftyJSON.git

SPEC CHECKSUMS:
  DateToolsSwift: 875d97ff9e3a5d54abdd67a269b3f51c757b71ab
  Socket.IO-Client-Swift: 7cb44c0ffb86e158cee32d0642d30ec5fdcf8f61
  Starscream: 08172b481e145289c4930cb567230fb55897cfa4
  SwiftLint: 5553187048b900c91aa03552807681bb6b027846
  SwiftyJSON: f0574c07d8ca1644050db687067209e3033a89a0

PODFILE CHECKSUM: 286211ced76ef962b0f8b057d1862e8e90157af6

COCOAPODS: 1.7.5
