PODS:
  - Socket.IO-Client-Swift (6.1.4)
  - SwiftyJSON (2.3.2)

DEPENDENCIES:
  - Socket.IO-Client-Swift (~> 6.1.4)
  - SwiftyJSON (from `https://github.com/SwiftyJSON/SwiftyJSON.git`)

EXTERNAL SOURCES:
  SwiftyJSON:
    :git: https://github.com/SwiftyJSON/SwiftyJSON.git

CHECKOUT OPTIONS:
  SwiftyJSON:
    :commit: 73670b94292b8d8496c398a973f56ac67789ba9f
    :git: https://github.com/SwiftyJSON/SwiftyJSON.git

SPEC CHECKSUMS:
  Socket.IO-Client-Swift: 9581cf2f48672712803d73a20e8147e53058251a
  SwiftyJSON: 04ccea08915aa0109039157c7974cf0298da292a

PODFILE CHECKSUM: d72ff576ff4ee1cb8cf4ce11d8025ba81c588d8c

COCOAPODS: 1.0.1
